
Microsoft Visual Studio Solution File, Format Version 12.00
# Visual Studio Version 17
VisualStudioVersion = 17.9.34728.123
MinimumVisualStudioVersion = 10.0.40219.1
Project("{888888A0-9F3D-457C-B088-3A5042F75D52}") = "A Neural Network", "A Neural Network\A Neural Network.pyproj", "{548CBBA1-A250-4EC8-B7EE-1969FC62805F}"
EndProject
Global
	GlobalSection(SolutionConfigurationPlatforms) = preSolution
		Debug|Any CPU = Debug|Any CPU
		Release|Any CPU = Release|Any CPU
	EndGlobalSection
	GlobalSection(ProjectConfigurationPlatforms) = postSolution
		{548CBBA1-A250-4EC8-B7EE-1969FC62805F}.Debug|Any CPU.ActiveCfg = Debug|Any CPU
		{548CBBA1-A250-4EC8-B7EE-1969FC62805F}.Release|Any CPU.ActiveCfg = Release|Any CPU
	EndGlobalSection
	GlobalSection(SolutionProperties) = preSolution
		HideSolutionNode = FALSE
	EndGlobalSection
	GlobalSection(ExtensibilityGlobals) = postSolution
		SolutionGuid = {A78766A7-44CA-4C62-B3F7-AC5302A0B176}
	EndGlobalSection
EndGlobal
